<?xml version="1.0" encoding="utf-8"?>
<Project ToolsVersion="4.0" xmlns="http://schemas.microsoft.com/developer/msbuild/2003">
  <ItemGroup>
    <Filter Include="src">
      <UniqueIdentifier>{ec4b0b35-57dc-49ca-a490-ea82d48ddc39}</UniqueIdentifier>
    </Filter>
  </ItemGroup>
  <ItemGroup>
    <ClCompile Include="..\..\..\libraries\googletest\googletest\src\gtest.cc">
      <Filter>src</Filter>
    </ClCompile>
    <ClCompile Include="..\..\..\libraries\googletest\googletest\src\gtest_main.cc">
      <Filter>src</Filter>
    </ClCompile>
    <ClCompile Include="..\..\..\libraries\googletest\googletest\src\gtest-all.cc">
      <Filter>src</Filter>
    </ClCompile>
    <ClCompile Include="..\..\..\libraries\googletest\googletest\src\gtest-assertion-result.cc">
      <Filter>src</Filter>
    </ClCompile>
    <ClCompile Include="..\..\..\libraries\googletest\googletest\src\gtest-death-test.cc">
      <Filter>src</Filter>
    </ClCompile>
    <ClCompile Include="..\..\..\libraries\googletest\googletest\src\gtest-filepath.cc">
      <Filter>src</Filter>
    </ClCompile>
    <ClCompile Include="..\..\..\libraries\googletest\googletest\src\gtest-matchers.cc">
      <Filter>src</Filter>
    </ClCompile>
    <ClCompile Include="..\..\..\libraries\googletest\googletest\src\gtest-port.cc">
      <Filter>src</Filter>
    </ClCompile>
    <ClCompile Include="..\..\..\libraries\googletest\googletest\src\gtest-printers.cc">
      <Filter>src</Filter>
    </ClCompile>
    <ClCompile Include="..\..\..\libraries\googletest\googletest\src\gtest-test-part.cc">
      <Filter>src</Filter>
    </ClCompile>
    <ClCompile Include="..\..\..\libraries\googletest\googletest\src\gtest-typed-test.cc">
      <Filter>src</Filter>
    </ClCompile>
  </ItemGroup>
  <ItemGroup>
    <ClInclude Include="..\..\..\libraries\googletest\googletest\src\gtest-internal-inl.h">
      <Filter>src</Filter>
    </ClInclude>
  </ItemGroup>
</Project>